// !$*UTF8*$!
{
	archiveVersion = 1;
	classes = {
	};
	objectVersion = 46;
	objects = {

/* Begin PBXBuildFile section */
		006B41381DEDE65300ADDC78 /* ATTPersistenceStorageTestsHelper.m in Sources */ = {isa = PBXBuildFile; fileRef = C4E3EFF6CAD5A4563E1323AB /* ATTPersistenceStorageTestsHelper.m */; };
		0090B07A1DE4A2D10066439A /* ATTDataManagerTests.m in Sources */ = {isa = PBXBuildFile; fileRef = 0090B0791DE4A2D10066439A /* ATTDataManagerTests.m */; };
		009B1A831DE49B9A00115E35 /* main.m in Sources */ = {isa = PBXBuildFile; fileRef = 009B1A821DE49B9A00115E35 /* main.m */; };
		009B1A861DE49B9A00115E35 /* AppDelegate.m in Sources */ = {isa = PBXBuildFile; fileRef = 009B1A851DE49B9A00115E35 /* AppDelegate.m */; };
		009B1A891DE49B9A00115E35 /* FirstViewController.m in Sources */ = {isa = PBXBuildFile; fileRef = 009B1A881DE49B9A00115E35 /* FirstViewController.m */; };
		009B1A8C1DE49B9A00115E35 /* SecondViewController.m in Sources */ = {isa = PBXBuildFile; fileRef = 009B1A8B1DE49B9A00115E35 /* SecondViewController.m */; };
		009B1A8F1DE49B9A00115E35 /* Main.storyboard in Resources */ = {isa = PBXBuildFile; fileRef = 009B1A8D1DE49B9A00115E35 /* Main.storyboard */; };
		009B1A911DE49B9A00115E35 /* Assets.xcassets in Resources */ = {isa = PBXBuildFile; fileRef = 009B1A901DE49B9A00115E35 /* Assets.xcassets */; };
		009B1A941DE49B9A00115E35 /* LaunchScreen.storyboard in Resources */ = {isa = PBXBuildFile; fileRef = 009B1A921DE49B9A00115E35 /* LaunchScreen.storyboard */; };
		009B1AAB1DE49C9000115E35 /* access_token.txt in Resources */ = {isa = PBXBuildFile; fileRef = 009B1AAA1DE49C9000115E35 /* access_token.txt */; };
		00ADA13D1DE6393E00D2ECD2 /* ATTNetworkManagerTests.m in Sources */ = {isa = PBXBuildFile; fileRef = 00ADA13C1DE6393E00D2ECD2 /* ATTNetworkManagerTests.m */; };
		00ADA17F1DEA1EE800D2ECD2 /* libOCMock.a in Frameworks */ = {isa = PBXBuildFile; fileRef = 00ADA1761DEA1EB400D2ECD2 /* libOCMock.a */; };
		559AA482C102D789165C267B /* libPods-TwitterTaskTests.a in Frameworks */ = {isa = PBXBuildFile; fileRef = C221B57A3C274BF4D9837D8D /* libPods-TwitterTaskTests.a */; };
		ADBFDC9EEBAE366EA0CFFD69 /* libPods-TwitterTask.a in Frameworks */ = {isa = PBXBuildFile; fileRef = CB775D26DAA5F462DFC76942 /* libPods-TwitterTask.a */; };
		C4E3E0CE2088D4657055BAEC /* ATTTwitterStatusCell.m in Sources */ = {isa = PBXBuildFile; fileRef = C4E3EA78F53FED02C8DFF570 /* ATTTwitterStatusCell.m */; };
		C4E3E16AEEB92FA49C225AEF /* ATTPersistenceStorageTests.m in Sources */ = {isa = PBXBuildFile; fileRef = C4E3EE258AF56A7BF0A3CFD4 /* ATTPersistenceStorageTests.m */; };
		C4E3E1C23C8EA24C62B1E0C4 /* ATTStatusModel.m in Sources */ = {isa = PBXBuildFile; fileRef = C4E3EF225858B81B60A9353A /* ATTStatusModel.m */; };
		C4E3E39C1C4D9399C012AD5B /* ATTSearchViewController.m in Sources */ = {isa = PBXBuildFile; fileRef = C4E3E4CFEFEAC3E0ECBCA930 /* ATTSearchViewController.m */; };
		C4E3E4A091507AF57795C072 /* ATTTwitterListViewController.m in Sources */ = {isa = PBXBuildFile; fileRef = C4E3E857130C281582DB4BCF /* ATTTwitterListViewController.m */; };
		C4E3E5CEB6EE055BA0A818AC /* ATTNetworkManager.m in Sources */ = {isa = PBXBuildFile; fileRef = C4E3E4274827AA51765BDA4C /* ATTNetworkManager.m */; };
		C4E3E72B5740A3637E9D69F0 /* ATTCachedImagesDataSource.m in Sources */ = {isa = PBXBuildFile; fileRef = C4E3EB0EECABE5C5F27FC8CB /* ATTCachedImagesDataSource.m */; };
		C4E3EB56C98331B125DB4D02 /* ATTUserModel.m in Sources */ = {isa = PBXBuildFile; fileRef = C4E3E32036C583D0AB1754EE /* ATTUserModel.m */; };
		C4E3EBC4FCD4D27903263314 /* ATTEntityModel.m in Sources */ = {isa = PBXBuildFile; fileRef = C4E3ECD8C2757BE4FCE9438A /* ATTEntityModel.m */; };
		C4E3EC770AD81F79C18CCF74 /* ATTSearchStatusesDataSource.m in Sources */ = {isa = PBXBuildFile; fileRef = C4E3E77770BACF45AF98BAFA /* ATTSearchStatusesDataSource.m */; };
		C4E3EC79DA3AC9EB389342B7 /* ATTDataManager.m in Sources */ = {isa = PBXBuildFile; fileRef = C4E3E0061A3E10F0546B37F9 /* ATTDataManager.m */; };
		C4E3ED89B4E83CC7BCFDCBDE /* ATTPersistenceStorage.m in Sources */ = {isa = PBXBuildFile; fileRef = C4E3E5D87F7810F2FE657AF4 /* ATTPersistenceStorage.m */; };
		C4E3EE896B92E08A57D686B6 /* ATTStatusTestsHelper.m in Sources */ = {isa = PBXBuildFile; fileRef = C4E3E41F9001A39A7F54A749 /* ATTStatusTestsHelper.m */; };
/* End PBXBuildFile section */

/* Begin PBXContainerItemProxy section */
		009B1A9B1DE49B9A00115E35 /* PBXContainerItemProxy */ = {
			isa = PBXContainerItemProxy;
			containerPortal = 009B1A761DE49B9A00115E35 /* Project object */;
			proxyType = 1;
			remoteGlobalIDString = 009B1A7D1DE49B9A00115E35;
			remoteInfo = TwitterTask;
		};
		00ADA1711DEA1EB400D2ECD2 /* PBXContainerItemProxy */ = {
			isa = PBXContainerItemProxy;
			containerPortal = 00ADA1681DEA1EB400D2ECD2 /* OCMock.xcodeproj */;
			proxyType = 2;
			remoteGlobalIDString = 030EF0A814632FD000B04273;
			remoteInfo = OCMock;
		};
		00ADA1731DEA1EB400D2ECD2 /* PBXContainerItemProxy */ = {
			isa = PBXContainerItemProxy;
			containerPortal = 00ADA1681DEA1EB400D2ECD2 /* OCMock.xcodeproj */;
			proxyType = 2;
			remoteGlobalIDString = 03565A3118F0566E003AE91E;
			remoteInfo = OCMockTests;
		};
		00ADA1751DEA1EB400D2ECD2 /* PBXContainerItemProxy */ = {
			isa = PBXContainerItemProxy;
			containerPortal = 00ADA1681DEA1EB400D2ECD2 /* OCMock.xcodeproj */;
			proxyType = 2;
			remoteGlobalIDString = 030EF0DC14632FF700B04273;
			remoteInfo = OCMockLib;
		};
		00ADA1771DEA1EB400D2ECD2 /* PBXContainerItemProxy */ = {
			isa = PBXContainerItemProxy;
			containerPortal = 00ADA1681DEA1EB400D2ECD2 /* OCMock.xcodeproj */;
			proxyType = 2;
			remoteGlobalIDString = D31108AD1828DB8700737925;
			remoteInfo = OCMockLibTests;
		};
		00ADA1791DEA1EB400D2ECD2 /* PBXContainerItemProxy */ = {
			isa = PBXContainerItemProxy;
			containerPortal = 00ADA1681DEA1EB400D2ECD2 /* OCMock.xcodeproj */;
			proxyType = 2;
			remoteGlobalIDString = F0B950F11B0080BE00942C38;
			remoteInfo = "OCMock iOS";
		};
		00ADA17B1DEA1EB400D2ECD2 /* PBXContainerItemProxy */ = {
			isa = PBXContainerItemProxy;
			containerPortal = 00ADA1681DEA1EB400D2ECD2 /* OCMock.xcodeproj */;
			proxyType = 2;
			remoteGlobalIDString = 817EB1621BD765130047E85A;
			remoteInfo = "OCMock tvOS";
		};
		00ADA17D1DEA1EDC00D2ECD2 /* PBXContainerItemProxy */ = {
			isa = PBXContainerItemProxy;
			containerPortal = 00ADA1681DEA1EB400D2ECD2 /* OCMock.xcodeproj */;
			proxyType = 1;
			remoteGlobalIDString = 030EF0DB14632FF700B04273;
			remoteInfo = OCMockLib;
		};
/* End PBXContainerItemProxy section */

/* Begin PBXFileReference section */
		0090B0791DE4A2D10066439A /* ATTDataManagerTests.m */ = {isa = PBXFileReference; fileEncoding = 4; lastKnownFileType = sourcecode.c.objc; path = ATTDataManagerTests.m; sourceTree = "<group>"; };
		009B1A7E1DE49B9A00115E35 /* TwitterTask.app */ = {isa = PBXFileReference; explicitFileType = wrapper.application; includeInIndex = 0; path = TwitterTask.app; sourceTree = BUILT_PRODUCTS_DIR; };
		009B1A821DE49B9A00115E35 /* main.m */ = {isa = PBXFileReference; lastKnownFileType = sourcecode.c.objc; path = main.m; sourceTree = "<group>"; };
		009B1A841DE49B9A00115E35 /* AppDelegate.h */ = {isa = PBXFileReference; lastKnownFileType = sourcecode.c.h; path = AppDelegate.h; sourceTree = "<group>"; };
		009B1A851DE49B9A00115E35 /* AppDelegate.m */ = {isa = PBXFileReference; lastKnownFileType = sourcecode.c.objc; path = AppDelegate.m; sourceTree = "<group>"; };
		009B1A871DE49B9A00115E35 /* FirstViewController.h */ = {isa = PBXFileReference; lastKnownFileType = sourcecode.c.h; path = FirstViewController.h; sourceTree = "<group>"; };
		009B1A881DE49B9A00115E35 /* FirstViewController.m */ = {isa = PBXFileReference; lastKnownFileType = sourcecode.c.objc; path = FirstViewController.m; sourceTree = "<group>"; };
		009B1A8A1DE49B9A00115E35 /* SecondViewController.h */ = {isa = PBXFileReference; lastKnownFileType = sourcecode.c.h; path = SecondViewController.h; sourceTree = "<group>"; };
		009B1A8B1DE49B9A00115E35 /* SecondViewController.m */ = {isa = PBXFileReference; lastKnownFileType = sourcecode.c.objc; path = SecondViewController.m; sourceTree = "<group>"; };
		009B1A8E1DE49B9A00115E35 /* Base */ = {isa = PBXFileReference; lastKnownFileType = file.storyboard; name = Base; path = Base.lproj/Main.storyboard; sourceTree = "<group>"; };
		009B1A901DE49B9A00115E35 /* Assets.xcassets */ = {isa = PBXFileReference; lastKnownFileType = folder.assetcatalog; path = Assets.xcassets; sourceTree = "<group>"; };
		009B1A931DE49B9A00115E35 /* Base */ = {isa = PBXFileReference; lastKnownFileType = file.storyboard; name = Base; path = Base.lproj/LaunchScreen.storyboard; sourceTree = "<group>"; };
		009B1A951DE49B9A00115E35 /* Info.plist */ = {isa = PBXFileReference; lastKnownFileType = text.plist.xml; path = Info.plist; sourceTree = "<group>"; };
		009B1A9A1DE49B9A00115E35 /* TwitterTaskTests.xctest */ = {isa = PBXFileReference; explicitFileType = wrapper.cfbundle; includeInIndex = 0; path = TwitterTaskTests.xctest; sourceTree = BUILT_PRODUCTS_DIR; };
		009B1AA01DE49B9A00115E35 /* Info.plist */ = {isa = PBXFileReference; lastKnownFileType = text.plist.xml; path = Info.plist; sourceTree = "<group>"; };
		009B1AAA1DE49C9000115E35 /* access_token.txt */ = {isa = PBXFileReference; fileEncoding = 4; lastKnownFileType = text; name = access_token.txt; path = TwitterTask/Resources/access_token.txt; sourceTree = "<group>"; };
		00ADA13C1DE6393E00D2ECD2 /* ATTNetworkManagerTests.m */ = {isa = PBXFileReference; fileEncoding = 4; lastKnownFileType = sourcecode.c.objc; path = ATTNetworkManagerTests.m; sourceTree = "<group>"; };
		00ADA1681DEA1EB400D2ECD2 /* OCMock.xcodeproj */ = {isa = PBXFileReference; lastKnownFileType = "wrapper.pb-project"; name = OCMock.xcodeproj; path = External/OCMock/Source/OCMock.xcodeproj; sourceTree = SOURCE_ROOT; };
		00ADA1871DEADDEF00D2ECD2 /* TwitterTask-Prefix.pch */ = {isa = PBXFileReference; lastKnownFileType = sourcecode.c.h; path = "TwitterTask-Prefix.pch"; sourceTree = "<group>"; };
		00ADA1971DEAE07B00D2ECD2 /* ATTLogger.h */ = {isa = PBXFileReference; fileEncoding = 4; lastKnownFileType = sourcecode.c.h; name = ATTLogger.h; path = ../ATTLogger.h; sourceTree = "<group>"; };
		00ADA1981DEAE0A000D2ECD2 /* ATTDefinitions.h */ = {isa = PBXFileReference; lastKnownFileType = sourcecode.c.h; path = ATTDefinitions.h; sourceTree = "<group>"; };
		41D14D024F7388B2E9F555CB /* Pods-TwitterTask.release.xcconfig */ = {isa = PBXFileReference; includeInIndex = 1; lastKnownFileType = text.xcconfig; name = "Pods-TwitterTask.release.xcconfig"; path = "Pods/Target Support Files/Pods-TwitterTask/Pods-TwitterTask.release.xcconfig"; sourceTree = "<group>"; };
		55F897C72877C9556A2572F6 /* Pods-TwitterTask.debug.xcconfig */ = {isa = PBXFileReference; includeInIndex = 1; lastKnownFileType = text.xcconfig; name = "Pods-TwitterTask.debug.xcconfig"; path = "Pods/Target Support Files/Pods-TwitterTask/Pods-TwitterTask.debug.xcconfig"; sourceTree = "<group>"; };
		567E0891A46004E9A4B64AF7 /* Pods-TwitterTask.unittests.xcconfig */ = {isa = PBXFileReference; includeInIndex = 1; lastKnownFileType = text.xcconfig; name = "Pods-TwitterTask.unittests.xcconfig"; path = "Pods/Target Support Files/Pods-TwitterTask/Pods-TwitterTask.unittests.xcconfig"; sourceTree = "<group>"; };
		B10E61DF9F1C203BFE204C0E /* Pods-TwitterTaskTests.debug.xcconfig */ = {isa = PBXFileReference; includeInIndex = 1; lastKnownFileType = text.xcconfig; name = "Pods-TwitterTaskTests.debug.xcconfig"; path = "Pods/Target Support Files/Pods-TwitterTaskTests/Pods-TwitterTaskTests.debug.xcconfig"; sourceTree = "<group>"; };
		C221B57A3C274BF4D9837D8D /* libPods-TwitterTaskTests.a */ = {isa = PBXFileReference; explicitFileType = archive.ar; includeInIndex = 0; path = "libPods-TwitterTaskTests.a"; sourceTree = BUILT_PRODUCTS_DIR; };
		C4E3E0061A3E10F0546B37F9 /* ATTDataManager.m */ = {isa = PBXFileReference; fileEncoding = 4; lastKnownFileType = sourcecode.c.objc; path = ATTDataManager.m; sourceTree = "<group>"; };
		C4E3E1252D374CB9DEAEB74F /* ATTStatusModel.h */ = {isa = PBXFileReference; fileEncoding = 4; lastKnownFileType = sourcecode.c.h; path = ATTStatusModel.h; sourceTree = "<group>"; };
		C4E3E12D347F9C9CCB13AB5C /* ATTPersistenceStorageObserver.h */ = {isa = PBXFileReference; fileEncoding = 4; lastKnownFileType = sourcecode.c.h; path = ATTPersistenceStorageObserver.h; sourceTree = "<group>"; };
		C4E3E1EA5497676B96CE1FA9 /* ATTNetworkManager.h */ = {isa = PBXFileReference; fileEncoding = 4; lastKnownFileType = sourcecode.c.h; path = ATTNetworkManager.h; sourceTree = "<group>"; };
		C4E3E2EED3A25DE6440CA2AE /* ATTDataManager.h */ = {isa = PBXFileReference; fileEncoding = 4; lastKnownFileType = sourcecode.c.h; path = ATTDataManager.h; sourceTree = "<group>"; };
		C4E3E2FAFA9E929B595DCA4F /* ATTStatusTestsHelper.h */ = {isa = PBXFileReference; fileEncoding = 4; lastKnownFileType = sourcecode.c.h; path = ATTStatusTestsHelper.h; sourceTree = "<group>"; };
		C4E3E31640A38EB7E95B401E /* ATTSearchViewController.h */ = {isa = PBXFileReference; fileEncoding = 4; lastKnownFileType = sourcecode.c.h; path = ATTSearchViewController.h; sourceTree = "<group>"; };
		C4E3E32036C583D0AB1754EE /* ATTUserModel.m */ = {isa = PBXFileReference; fileEncoding = 4; lastKnownFileType = sourcecode.c.objc; path = ATTUserModel.m; sourceTree = "<group>"; };
		C4E3E41F9001A39A7F54A749 /* ATTStatusTestsHelper.m */ = {isa = PBXFileReference; fileEncoding = 4; lastKnownFileType = sourcecode.c.objc; path = ATTStatusTestsHelper.m; sourceTree = "<group>"; };
		C4E3E4274827AA51765BDA4C /* ATTNetworkManager.m */ = {isa = PBXFileReference; fileEncoding = 4; lastKnownFileType = sourcecode.c.objc; path = ATTNetworkManager.m; sourceTree = "<group>"; };
		C4E3E443E1E52AD9E8695C45 /* ATTStatusesDataSourceObserver.h */ = {isa = PBXFileReference; fileEncoding = 4; lastKnownFileType = sourcecode.c.h; path = ATTStatusesDataSourceObserver.h; sourceTree = "<group>"; };
		C4E3E48ACD6745C783815100 /* ATTEntityModel+ATTProtected.h */ = {isa = PBXFileReference; fileEncoding = 4; lastKnownFileType = sourcecode.c.h; path = "ATTEntityModel+ATTProtected.h"; sourceTree = "<group>"; };
		C4E3E4BB3CCC5CCE8E13FEDA /* ATTStatusesDataSource.h */ = {isa = PBXFileReference; fileEncoding = 4; lastKnownFileType = sourcecode.c.h; path = ATTStatusesDataSource.h; sourceTree = "<group>"; };
		C4E3E4CFEFEAC3E0ECBCA930 /* ATTSearchViewController.m */ = {isa = PBXFileReference; fileEncoding = 4; lastKnownFileType = sourcecode.c.objc; path = ATTSearchViewController.m; sourceTree = "<group>"; };
		C4E3E5D87F7810F2FE657AF4 /* ATTPersistenceStorage.m */ = {isa = PBXFileReference; fileEncoding = 4; lastKnownFileType = sourcecode.c.objc; path = ATTPersistenceStorage.m; sourceTree = "<group>"; };
		C4E3E77770BACF45AF98BAFA /* ATTSearchStatusesDataSource.m */ = {isa = PBXFileReference; fileEncoding = 4; lastKnownFileType = sourcecode.c.objc; path = ATTSearchStatusesDataSource.m; sourceTree = "<group>"; };
		C4E3E7FA083E46FC8A7DBA1D /* ATTEntityModel.h */ = {isa = PBXFileReference; fileEncoding = 4; lastKnownFileType = sourcecode.c.h; path = ATTEntityModel.h; sourceTree = "<group>"; };
		C4E3E857130C281582DB4BCF /* ATTTwitterListViewController.m */ = {isa = PBXFileReference; fileEncoding = 4; lastKnownFileType = sourcecode.c.objc; path = ATTTwitterListViewController.m; sourceTree = "<group>"; };
		C4E3E8FA173C8B27C0F582BF /* ATTImagesDataSourceObserver.h */ = {isa = PBXFileReference; fileEncoding = 4; lastKnownFileType = sourcecode.c.h; path = ATTImagesDataSourceObserver.h; sourceTree = "<group>"; };
		C4E3E9881909FDF5F1BF27C2 /* ATTPersistenceStorage.h */ = {isa = PBXFileReference; fileEncoding = 4; lastKnownFileType = sourcecode.c.h; path = ATTPersistenceStorage.h; sourceTree = "<group>"; };
		C4E3EA02782EC84E3D2C3767 /* ATTImagesDataSource.h */ = {isa = PBXFileReference; fileEncoding = 4; lastKnownFileType = sourcecode.c.h; path = ATTImagesDataSource.h; sourceTree = "<group>"; };
		C4E3EA78F53FED02C8DFF570 /* ATTTwitterStatusCell.m */ = {isa = PBXFileReference; fileEncoding = 4; lastKnownFileType = sourcecode.c.objc; path = ATTTwitterStatusCell.m; sourceTree = "<group>"; };
		C4E3EAE0EB64E4D9D6E449A6 /* ATTCachedImagesDataSource.h */ = {isa = PBXFileReference; fileEncoding = 4; lastKnownFileType = sourcecode.c.h; path = ATTCachedImagesDataSource.h; sourceTree = "<group>"; };
		C4E3EB0EECABE5C5F27FC8CB /* ATTCachedImagesDataSource.m */ = {isa = PBXFileReference; fileEncoding = 4; lastKnownFileType = sourcecode.c.objc; path = ATTCachedImagesDataSource.m; sourceTree = "<group>"; };
		C4E3EB87FECD71DE7C974E5C /* ATTTwitterStatusCell.h */ = {isa = PBXFileReference; fileEncoding = 4; lastKnownFileType = sourcecode.c.h; path = ATTTwitterStatusCell.h; sourceTree = "<group>"; };
		C4E3EB89DEF6ED0C9FDAB24D /* ATTSearchStatusesDataSource.h */ = {isa = PBXFileReference; fileEncoding = 4; lastKnownFileType = sourcecode.c.h; path = ATTSearchStatusesDataSource.h; sourceTree = "<group>"; };
		C4E3EBA0994985F3E82A7D91 /* ATTTwitterListViewController.h */ = {isa = PBXFileReference; fileEncoding = 4; lastKnownFileType = sourcecode.c.h; path = ATTTwitterListViewController.h; sourceTree = "<group>"; };
		C4E3ECC03039FF6C02AA210E /* ATTPersistenceStorageTestsHelper.h */ = {isa = PBXFileReference; fileEncoding = 4; lastKnownFileType = sourcecode.c.h; path = ATTPersistenceStorageTestsHelper.h; sourceTree = "<group>"; };
		C4E3ECD8C2757BE4FCE9438A /* ATTEntityModel.m */ = {isa = PBXFileReference; fileEncoding = 4; lastKnownFileType = sourcecode.c.objc; path = ATTEntityModel.m; sourceTree = "<group>"; };
		C4E3EE258AF56A7BF0A3CFD4 /* ATTPersistenceStorageTests.m */ = {isa = PBXFileReference; fileEncoding = 4; lastKnownFileType = sourcecode.c.objc; path = ATTPersistenceStorageTests.m; sourceTree = "<group>"; };
		C4E3EEB21D17D81D267779BB /* ATTUserModel.h */ = {isa = PBXFileReference; fileEncoding = 4; lastKnownFileType = sourcecode.c.h; path = ATTUserModel.h; sourceTree = "<group>"; };
		C4E3EF225858B81B60A9353A /* ATTStatusModel.m */ = {isa = PBXFileReference; fileEncoding = 4; lastKnownFileType = sourcecode.c.objc; path = ATTStatusModel.m; sourceTree = "<group>"; };
		C4E3EFF6CAD5A4563E1323AB /* ATTPersistenceStorageTestsHelper.m */ = {isa = PBXFileReference; fileEncoding = 4; lastKnownFileType = sourcecode.c.objc; path = ATTPersistenceStorageTestsHelper.m; sourceTree = "<group>"; };
		CB775D26DAA5F462DFC76942 /* libPods-TwitterTask.a */ = {isa = PBXFileReference; explicitFileType = archive.ar; includeInIndex = 0; path = "libPods-TwitterTask.a"; sourceTree = BUILT_PRODUCTS_DIR; };
		E4F5DD1EF28D5EC5F0A4FF14 /* Pods-TwitterTaskTests.release.xcconfig */ = {isa = PBXFileReference; includeInIndex = 1; lastKnownFileType = text.xcconfig; name = "Pods-TwitterTaskTests.release.xcconfig"; path = "Pods/Target Support Files/Pods-TwitterTaskTests/Pods-TwitterTaskTests.release.xcconfig"; sourceTree = "<group>"; };
		F50ADDEEA38DB72FE854794F /* Pods-TwitterTaskTests.unittests.xcconfig */ = {isa = PBXFileReference; includeInIndex = 1; lastKnownFileType = text.xcconfig; name = "Pods-TwitterTaskTests.unittests.xcconfig"; path = "Pods/Target Support Files/Pods-TwitterTaskTests/Pods-TwitterTaskTests.unittests.xcconfig"; sourceTree = "<group>"; };
/* End PBXFileReference section */

/* Begin PBXFrameworksBuildPhase section */
		009B1A7B1DE49B9A00115E35 /* Frameworks */ = {
			isa = PBXFrameworksBuildPhase;
			buildActionMask = 2147483647;
			files = (
				ADBFDC9EEBAE366EA0CFFD69 /* libPods-TwitterTask.a in Frameworks */,
			);
			runOnlyForDeploymentPostprocessing = 0;
		};
		009B1A971DE49B9A00115E35 /* Frameworks */ = {
			isa = PBXFrameworksBuildPhase;
			buildActionMask = 2147483647;
			files = (
				00ADA17F1DEA1EE800D2ECD2 /* libOCMock.a in Frameworks */,
				559AA482C102D789165C267B /* libPods-TwitterTaskTests.a in Frameworks */,
			);
			runOnlyForDeploymentPostprocessing = 0;
		};
/* End PBXFrameworksBuildPhase section */

/* Begin PBXGroup section */
		009B1A751DE49B9A00115E35 = {
			isa = PBXGroup;
			children = (
				009B1A801DE49B9A00115E35 /* TwitterTask */,
				009B1A9D1DE49B9A00115E35 /* TwitterTaskTests */,
				009B1A7F1DE49B9A00115E35 /* Products */,
				A112432D3A2357E505A3C99C /* Pods */,
				F5E251D7F63AE89DE910A128 /* Frameworks */,
			);
			sourceTree = "<group>";
			wrapsLines = 0;
		};
		009B1A7F1DE49B9A00115E35 /* Products */ = {
			isa = PBXGroup;
			children = (
				009B1A7E1DE49B9A00115E35 /* TwitterTask.app */,
				009B1A9A1DE49B9A00115E35 /* TwitterTaskTests.xctest */,
			);
			name = Products;
			sourceTree = "<group>";
		};
		009B1A801DE49B9A00115E35 /* TwitterTask */ = {
			isa = PBXGroup;
			children = (
				C4E3E20488F8DBD9FC90CAB5 /* DataManager */,
				009B1AA91DE49C5400115E35 /* Resources */,
				009B1A811DE49B9A00115E35 /* Supporting Files */,
				C4E3E715A4B36091BC6046F8 /* UI */,
				009B1A841DE49B9A00115E35 /* AppDelegate.h */,
				009B1A851DE49B9A00115E35 /* AppDelegate.m */,
				009B1A901DE49B9A00115E35 /* Assets.xcassets */,
				009B1A871DE49B9A00115E35 /* FirstViewController.h */,
				009B1A881DE49B9A00115E35 /* FirstViewController.m */,
				009B1A951DE49B9A00115E35 /* Info.plist */,
				009B1A921DE49B9A00115E35 /* LaunchScreen.storyboard */,
				009B1A8D1DE49B9A00115E35 /* Main.storyboard */,
				009B1A8A1DE49B9A00115E35 /* SecondViewController.h */,
				009B1A8B1DE49B9A00115E35 /* SecondViewController.m */,
			);
			path = TwitterTask;
			sourceTree = "<group>";
		};
		009B1A811DE49B9A00115E35 /* Supporting Files */ = {
			isa = PBXGroup;
			children = (
				00ADA1981DEAE0A000D2ECD2 /* ATTDefinitions.h */,
				00ADA1971DEAE07B00D2ECD2 /* ATTLogger.h */,
				009B1A821DE49B9A00115E35 /* main.m */,
				00ADA1871DEADDEF00D2ECD2 /* TwitterTask-Prefix.pch */,
			);
			name = "Supporting Files";
			sourceTree = "<group>";
		};
		009B1A9D1DE49B9A00115E35 /* TwitterTaskTests */ = {
			isa = PBXGroup;
			children = (
				00ADA1671DEA1E5500D2ECD2 /* External */,
				C4E3E4786D4DB2E2093C5A7D /* Helpers */,
				0090B0791DE4A2D10066439A /* ATTDataManagerTests.m */,
				00ADA13C1DE6393E00D2ECD2 /* ATTNetworkManagerTests.m */,
				C4E3EE258AF56A7BF0A3CFD4 /* ATTPersistenceStorageTests.m */,
				009B1AA01DE49B9A00115E35 /* Info.plist */,
			);
			path = TwitterTaskTests;
			sourceTree = "<group>";
		};
		009B1AA91DE49C5400115E35 /* Resources */ = {
			isa = PBXGroup;
			children = (
				009B1AAA1DE49C9000115E35 /* access_token.txt */,
			);
			name = Resources;
			path = ..;
			sourceTree = "<group>";
		};
		00ADA1671DEA1E5500D2ECD2 /* External */ = {
			isa = PBXGroup;
			children = (
				00ADA1681DEA1EB400D2ECD2 /* OCMock.xcodeproj */,
			);
			name = External;
			sourceTree = "<group>";
		};
		00ADA1691DEA1EB400D2ECD2 /* Products */ = {
			isa = PBXGroup;
			children = (
				00ADA1721DEA1EB400D2ECD2 /* OCMock.framework */,
				00ADA1741DEA1EB400D2ECD2 /* OCMockTests.xctest */,
				00ADA1761DEA1EB400D2ECD2 /* libOCMock.a */,
				00ADA1781DEA1EB400D2ECD2 /* OCMockLibTests.xctest */,
				00ADA17A1DEA1EB400D2ECD2 /* OCMock.framework */,
				00ADA17C1DEA1EB400D2ECD2 /* OCMock.framework */,
			);
			name = Products;
			sourceTree = "<group>";
		};
		A112432D3A2357E505A3C99C /* Pods */ = {
			isa = PBXGroup;
			children = (
				55F897C72877C9556A2572F6 /* Pods-TwitterTask.debug.xcconfig */,
				567E0891A46004E9A4B64AF7 /* Pods-TwitterTask.unittests.xcconfig */,
				41D14D024F7388B2E9F555CB /* Pods-TwitterTask.release.xcconfig */,
				B10E61DF9F1C203BFE204C0E /* Pods-TwitterTaskTests.debug.xcconfig */,
				F50ADDEEA38DB72FE854794F /* Pods-TwitterTaskTests.unittests.xcconfig */,
				E4F5DD1EF28D5EC5F0A4FF14 /* Pods-TwitterTaskTests.release.xcconfig */,
			);
			name = Pods;
			sourceTree = "<group>";
		};
		C4E3E1F22114E27E4F37E547 /* Models */ = {
			isa = PBXGroup;
			children = (
				C4E3E7FA083E46FC8A7DBA1D /* ATTEntityModel.h */,
				C4E3ECD8C2757BE4FCE9438A /* ATTEntityModel.m */,
				C4E3E48ACD6745C783815100 /* ATTEntityModel+ATTProtected.h */,
				C4E3E1252D374CB9DEAEB74F /* ATTStatusModel.h */,
				C4E3EF225858B81B60A9353A /* ATTStatusModel.m */,
				C4E3EEB21D17D81D267779BB /* ATTUserModel.h */,
				C4E3E32036C583D0AB1754EE /* ATTUserModel.m */,
			);
			path = Models;
			sourceTree = "<group>";
		};
		C4E3E20488F8DBD9FC90CAB5 /* DataManager */ = {
			isa = PBXGroup;
			children = (
				C4E3E670DB86D356911ED3CB /* DataSources */,
				C4E3E1F22114E27E4F37E547 /* Models */,
				C4E3E2EED3A25DE6440CA2AE /* ATTDataManager.h */,
				C4E3E0061A3E10F0546B37F9 /* ATTDataManager.m */,
				C4E3E1EA5497676B96CE1FA9 /* ATTNetworkManager.h */,
				C4E3E4274827AA51765BDA4C /* ATTNetworkManager.m */,
				C4E3E9881909FDF5F1BF27C2 /* ATTPersistenceStorage.h */,
				C4E3E5D87F7810F2FE657AF4 /* ATTPersistenceStorage.m */,
				C4E3E12D347F9C9CCB13AB5C /* ATTPersistenceStorageObserver.h */,
			);
			path = DataManager;
			sourceTree = "<group>";
		};
		C4E3E4786D4DB2E2093C5A7D /* Helpers */ = {
			isa = PBXGroup;
			children = (
				C4E3ECC03039FF6C02AA210E /* ATTPersistenceStorageTestsHelper.h */,
				C4E3EFF6CAD5A4563E1323AB /* ATTPersistenceStorageTestsHelper.m */,
				C4E3E2FAFA9E929B595DCA4F /* ATTStatusTestsHelper.h */,
				C4E3E41F9001A39A7F54A749 /* ATTStatusTestsHelper.m */,
			);
			path = Helpers;
			sourceTree = "<group>";
		};
		C4E3E670DB86D356911ED3CB /* DataSources */ = {
			isa = PBXGroup;
			children = (
				C4E3EB89DEF6ED0C9FDAB24D /* ATTSearchStatusesDataSource.h */,
				C4E3E77770BACF45AF98BAFA /* ATTSearchStatusesDataSource.m */,
				C4E3E4BB3CCC5CCE8E13FEDA /* ATTStatusesDataSource.h */,
				C4E3E443E1E52AD9E8695C45 /* ATTStatusesDataSourceObserver.h */,
				C4E3EA02782EC84E3D2C3767 /* ATTImagesDataSource.h */,
				C4E3E8FA173C8B27C0F582BF /* ATTImagesDataSourceObserver.h */,
				C4E3EB0EECABE5C5F27FC8CB /* ATTCachedImagesDataSource.m */,
				C4E3EAE0EB64E4D9D6E449A6 /* ATTCachedImagesDataSource.h */,
			);
			path = DataSources;
			sourceTree = "<group>";
		};
		C4E3E715A4B36091BC6046F8 /* UI */ = {
			isa = PBXGroup;
			children = (
				C4E3E31640A38EB7E95B401E /* ATTSearchViewController.h */,
				C4E3E4CFEFEAC3E0ECBCA930 /* ATTSearchViewController.m */,
				C4E3EBA0994985F3E82A7D91 /* ATTTwitterListViewController.h */,
				C4E3E857130C281582DB4BCF /* ATTTwitterListViewController.m */,
				C4E3EB87FECD71DE7C974E5C /* ATTTwitterStatusCell.h */,
				C4E3EA78F53FED02C8DFF570 /* ATTTwitterStatusCell.m */,
			);
			path = UI;
			sourceTree = "<group>";
		};
		F5E251D7F63AE89DE910A128 /* Frameworks */ = {
			isa = PBXGroup;
			children = (
				CB775D26DAA5F462DFC76942 /* libPods-TwitterTask.a */,
				C221B57A3C274BF4D9837D8D /* libPods-TwitterTaskTests.a */,
			);
			name = Frameworks;
			sourceTree = "<group>";
		};
/* End PBXGroup section */

/* Begin PBXNativeTarget section */
		009B1A7D1DE49B9A00115E35 /* TwitterTask */ = {
			isa = PBXNativeTarget;
			buildConfigurationList = 009B1AA31DE49B9A00115E35 /* Build configuration list for PBXNativeTarget "TwitterTask" */;
			buildPhases = (
				A2C4040B5631BED0E69D0BDB /* [CP] Check Pods Manifest.lock */,
				009B1A7A1DE49B9A00115E35 /* Sources */,
				009B1A7B1DE49B9A00115E35 /* Frameworks */,
				009B1A7C1DE49B9A00115E35 /* Resources */,
				D51E3F45DFC795CD966FADAE /* [CP] Embed Pods Frameworks */,
				C46E5D8E9531B6AC709147A4 /* [CP] Copy Pods Resources */,
			);
			buildRules = (
			);
			dependencies = (
			);
			name = TwitterTask;
			productName = TwitterTask;
			productReference = 009B1A7E1DE49B9A00115E35 /* TwitterTask.app */;
			productType = "com.apple.product-type.application";
		};
		009B1A991DE49B9A00115E35 /* TwitterTaskTests */ = {
			isa = PBXNativeTarget;
			buildConfigurationList = 009B1AA61DE49B9A00115E35 /* Build configuration list for PBXNativeTarget "TwitterTaskTests" */;
			buildPhases = (
				B84FFBF7B3659A52F5EFEC57 /* [CP] Check Pods Manifest.lock */,
				009B1A961DE49B9A00115E35 /* Sources */,
				009B1A971DE49B9A00115E35 /* Frameworks */,
				009B1A981DE49B9A00115E35 /* Resources */,
				0BD1E645ED367EB882441CDC /* [CP] Embed Pods Frameworks */,
				C9B95829A65858EDA7521F21 /* [CP] Copy Pods Resources */,
			);
			buildRules = (
			);
			dependencies = (
				00ADA17E1DEA1EDC00D2ECD2 /* PBXTargetDependency */,
				009B1A9C1DE49B9A00115E35 /* PBXTargetDependency */,
			);
			name = TwitterTaskTests;
			productName = TwitterTaskTests;
			productReference = 009B1A9A1DE49B9A00115E35 /* TwitterTaskTests.xctest */;
			productType = "com.apple.product-type.bundle.unit-test";
		};
/* End PBXNativeTarget section */

/* Begin PBXProject section */
		009B1A761DE49B9A00115E35 /* Project object */ = {
			isa = PBXProject;
			attributes = {
				CLASSPREFIX = ATT;
				LastUpgradeCheck = 0810;
				ORGANIZATIONNAME = aironik;
				TargetAttributes = {
					009B1A7D1DE49B9A00115E35 = {
						CreatedOnToolsVersion = 8.1;
						DevelopmentTeam = 63QAM34C37;
						ProvisioningStyle = Automatic;
					};
					009B1A991DE49B9A00115E35 = {
						CreatedOnToolsVersion = 8.1;
						DevelopmentTeam = 63QAM34C37;
						ProvisioningStyle = Automatic;
						TestTargetID = 009B1A7D1DE49B9A00115E35;
					};
				};
			};
			buildConfigurationList = 009B1A791DE49B9A00115E35 /* Build configuration list for PBXProject "TwitterTask" */;
			compatibilityVersion = "Xcode 3.2";
			developmentRegion = English;
			hasScannedForEncodings = 0;
			knownRegions = (
				en,
				Base,
			);
			mainGroup = 009B1A751DE49B9A00115E35;
			productRefGroup = 009B1A7F1DE49B9A00115E35 /* Products */;
			projectDirPath = "";
			projectReferences = (
				{
					ProductGroup = 00ADA1691DEA1EB400D2ECD2 /* Products */;
					ProjectRef = 00ADA1681DEA1EB400D2ECD2 /* OCMock.xcodeproj */;
				},
			);
			projectRoot = "";
			targets = (
				009B1A7D1DE49B9A00115E35 /* TwitterTask */,
				009B1A991DE49B9A00115E35 /* TwitterTaskTests */,
			);
		};
/* End PBXProject section */

/* Begin PBXReferenceProxy section */
		00ADA1721DEA1EB400D2ECD2 /* OCMock.framework */ = {
			isa = PBXReferenceProxy;
			fileType = wrapper.framework;
			path = OCMock.framework;
			remoteRef = 00ADA1711DEA1EB400D2ECD2 /* PBXContainerItemProxy */;
			sourceTree = BUILT_PRODUCTS_DIR;
		};
		00ADA1741DEA1EB400D2ECD2 /* OCMockTests.xctest */ = {
			isa = PBXReferenceProxy;
			fileType = wrapper.cfbundle;
			path = OCMockTests.xctest;
			remoteRef = 00ADA1731DEA1EB400D2ECD2 /* PBXContainerItemProxy */;
			sourceTree = BUILT_PRODUCTS_DIR;
		};
		00ADA1761DEA1EB400D2ECD2 /* libOCMock.a */ = {
			isa = PBXReferenceProxy;
			fileType = archive.ar;
			path = libOCMock.a;
			remoteRef = 00ADA1751DEA1EB400D2ECD2 /* PBXContainerItemProxy */;
			sourceTree = BUILT_PRODUCTS_DIR;
		};
		00ADA1781DEA1EB400D2ECD2 /* OCMockLibTests.xctest */ = {
			isa = PBXReferenceProxy;
			fileType = wrapper.cfbundle;
			path = OCMockLibTests.xctest;
			remoteRef = 00ADA1771DEA1EB400D2ECD2 /* PBXContainerItemProxy */;
			sourceTree = BUILT_PRODUCTS_DIR;
		};
		00ADA17A1DEA1EB400D2ECD2 /* OCMock.framework */ = {
			isa = PBXReferenceProxy;
			fileType = wrapper.framework;
			path = OCMock.framework;
			remoteRef = 00ADA1791DEA1EB400D2ECD2 /* PBXContainerItemProxy */;
			sourceTree = BUILT_PRODUCTS_DIR;
		};
		00ADA17C1DEA1EB400D2ECD2 /* OCMock.framework */ = {
			isa = PBXReferenceProxy;
			fileType = wrapper.framework;
			path = OCMock.framework;
			remoteRef = 00ADA17B1DEA1EB400D2ECD2 /* PBXContainerItemProxy */;
			sourceTree = BUILT_PRODUCTS_DIR;
		};
/* End PBXReferenceProxy section */

/* Begin PBXResourcesBuildPhase section */
		009B1A7C1DE49B9A00115E35 /* Resources */ = {
			isa = PBXResourcesBuildPhase;
			buildActionMask = 2147483647;
			files = (
				009B1AAB1DE49C9000115E35 /* access_token.txt in Resources */,
				009B1A941DE49B9A00115E35 /* LaunchScreen.storyboard in Resources */,
				009B1A911DE49B9A00115E35 /* Assets.xcassets in Resources */,
				009B1A8F1DE49B9A00115E35 /* Main.storyboard in Resources */,
			);
			runOnlyForDeploymentPostprocessing = 0;
		};
		009B1A981DE49B9A00115E35 /* Resources */ = {
			isa = PBXResourcesBuildPhase;
			buildActionMask = 2147483647;
			files = (
			);
			runOnlyForDeploymentPostprocessing = 0;
		};
/* End PBXResourcesBuildPhase section */

/* Begin PBXShellScriptBuildPhase section */
		0BD1E645ED367EB882441CDC /* [CP] Embed Pods Frameworks */ = {
			isa = PBXShellScriptBuildPhase;
			buildActionMask = 2147483647;
			files = (
			);
			inputPaths = (
			);
			name = "[CP] Embed Pods Frameworks";
			outputPaths = (
			);
			runOnlyForDeploymentPostprocessing = 0;
			shellPath = /bin/sh;
			shellScript = "\"${SRCROOT}/Pods/Target Support Files/Pods-TwitterTaskTests/Pods-TwitterTaskTests-frameworks.sh\"\n";
			showEnvVarsInLog = 0;
		};
		A2C4040B5631BED0E69D0BDB /* [CP] Check Pods Manifest.lock */ = {
			isa = PBXShellScriptBuildPhase;
			buildActionMask = 2147483647;
			files = (
			);
			inputPaths = (
			);
			name = "[CP] Check Pods Manifest.lock";
			outputPaths = (
			);
			runOnlyForDeploymentPostprocessing = 0;
			shellPath = /bin/sh;
			shellScript = "diff \"${PODS_ROOT}/../Podfile.lock\" \"${PODS_ROOT}/Manifest.lock\" > /dev/null\nif [ $? != 0 ] ; then\n    # print error to STDERR\n    echo \"error: The sandbox is not in sync with the Podfile.lock. Run 'pod install' or update your CocoaPods installation.\" >&2\n    exit 1\nfi\n";
			showEnvVarsInLog = 0;
		};
		B84FFBF7B3659A52F5EFEC57 /* [CP] Check Pods Manifest.lock */ = {
			isa = PBXShellScriptBuildPhase;
			buildActionMask = 2147483647;
			files = (
			);
			inputPaths = (
			);
			name = "[CP] Check Pods Manifest.lock";
			outputPaths = (
			);
			runOnlyForDeploymentPostprocessing = 0;
			shellPath = /bin/sh;
			shellScript = "diff \"${PODS_ROOT}/../Podfile.lock\" \"${PODS_ROOT}/Manifest.lock\" > /dev/null\nif [ $? != 0 ] ; then\n    # print error to STDERR\n    echo \"error: The sandbox is not in sync with the Podfile.lock. Run 'pod install' or update your CocoaPods installation.\" >&2\n    exit 1\nfi\n";
			showEnvVarsInLog = 0;
		};
		C46E5D8E9531B6AC709147A4 /* [CP] Copy Pods Resources */ = {
			isa = PBXShellScriptBuildPhase;
			buildActionMask = 2147483647;
			files = (
			);
			inputPaths = (
			);
			name = "[CP] Copy Pods Resources";
			outputPaths = (
			);
			runOnlyForDeploymentPostprocessing = 0;
			shellPath = /bin/sh;
			shellScript = "\"${SRCROOT}/Pods/Target Support Files/Pods-TwitterTask/Pods-TwitterTask-resources.sh\"\n";
			showEnvVarsInLog = 0;
		};
		C9B95829A65858EDA7521F21 /* [CP] Copy Pods Resources */ = {
			isa = PBXShellScriptBuildPhase;
			buildActionMask = 2147483647;
			files = (
			);
			inputPaths = (
			);
			name = "[CP] Copy Pods Resources";
			outputPaths = (
			);
			runOnlyForDeploymentPostprocessing = 0;
			shellPath = /bin/sh;
			shellScript = "\"${SRCROOT}/Pods/Target Support Files/Pods-TwitterTaskTests/Pods-TwitterTaskTests-resources.sh\"\n";
			showEnvVarsInLog = 0;
		};
		D51E3F45DFC795CD966FADAE /* [CP] Embed Pods Frameworks */ = {
			isa = PBXShellScriptBuildPhase;
			buildActionMask = 2147483647;
			files = (
			);
			inputPaths = (
			);
			name = "[CP] Embed Pods Frameworks";
			outputPaths = (
			);
			runOnlyForDeploymentPostprocessing = 0;
			shellPath = /bin/sh;
			shellScript = "\"${SRCROOT}/Pods/Target Support Files/Pods-TwitterTask/Pods-TwitterTask-frameworks.sh\"\n";
			showEnvVarsInLog = 0;
		};
/* End PBXShellScriptBuildPhase section */

/* Begin PBXSourcesBuildPhase section */
		009B1A7A1DE49B9A00115E35 /* Sources */ = {
			isa = PBXSourcesBuildPhase;
			buildActionMask = 2147483647;
			files = (
				009B1A8C1DE49B9A00115E35 /* SecondViewController.m in Sources */,
				009B1A861DE49B9A00115E35 /* AppDelegate.m in Sources */,
				009B1A891DE49B9A00115E35 /* FirstViewController.m in Sources */,
				009B1A831DE49B9A00115E35 /* main.m in Sources */,
				C4E3EC79DA3AC9EB389342B7 /* ATTDataManager.m in Sources */,
				C4E3E5CEB6EE055BA0A818AC /* ATTNetworkManager.m in Sources */,
				C4E3ED89B4E83CC7BCFDCBDE /* ATTPersistenceStorage.m in Sources */,
				C4E3E1C23C8EA24C62B1E0C4 /* ATTStatusModel.m in Sources */,
				C4E3EBC4FCD4D27903263314 /* ATTEntityModel.m in Sources */,
				C4E3EB56C98331B125DB4D02 /* ATTUserModel.m in Sources */,
				C4E3E39C1C4D9399C012AD5B /* ATTSearchViewController.m in Sources */,
				C4E3E4A091507AF57795C072 /* ATTTwitterListViewController.m in Sources */,
				C4E3E0CE2088D4657055BAEC /* ATTTwitterStatusCell.m in Sources */,
				C4E3EC770AD81F79C18CCF74 /* ATTSearchStatusesDataSource.m in Sources */,
				C4E3E72B5740A3637E9D69F0 /* ATTCachedImagesDataSource.m in Sources */,
			);
			runOnlyForDeploymentPostprocessing = 0;
		};
		009B1A961DE49B9A00115E35 /* Sources */ = {
			isa = PBXSourcesBuildPhase;
			buildActionMask = 2147483647;
			files = (
				00ADA13D1DE6393E00D2ECD2 /* ATTNetworkManagerTests.m in Sources */,
				0090B07A1DE4A2D10066439A /* ATTDataManagerTests.m in Sources */,
				C4E3E16AEEB92FA49C225AEF /* ATTPersistenceStorageTests.m in Sources */,
				006B41381DEDE65300ADDC78 /* ATTPersistenceStorageTestsHelper.m in Sources */,
				C4E3EE896B92E08A57D686B6 /* ATTStatusTestsHelper.m in Sources */,
			);
			runOnlyForDeploymentPostprocessing = 0;
		};
/* End PBXSourcesBuildPhase section */

/* Begin PBXTargetDependency section */
		009B1A9C1DE49B9A00115E35 /* PBXTargetDependency */ = {
			isa = PBXTargetDependency;
			target = 009B1A7D1DE49B9A00115E35 /* TwitterTask */;
			targetProxy = 009B1A9B1DE49B9A00115E35 /* PBXContainerItemProxy */;
		};
		00ADA17E1DEA1EDC00D2ECD2 /* PBXTargetDependency */ = {
			isa = PBXTargetDependency;
			name = OCMockLib;
			targetProxy = 00ADA17D1DEA1EDC00D2ECD2 /* PBXContainerItemProxy */;
		};
/* End PBXTargetDependency section */

/* Begin PBXVariantGroup section */
		009B1A8D1DE49B9A00115E35 /* Main.storyboard */ = {
			isa = PBXVariantGroup;
			children = (
				009B1A8E1DE49B9A00115E35 /* Base */,
			);
			name = Main.storyboard;
			sourceTree = "<group>";
		};
		009B1A921DE49B9A00115E35 /* LaunchScreen.storyboard */ = {
			isa = PBXVariantGroup;
			children = (
				009B1A931DE49B9A00115E35 /* Base */,
			);
			name = LaunchScreen.storyboard;
			sourceTree = "<group>";
		};
/* End PBXVariantGroup section */

/* Begin XCBuildConfiguration section */
		009B1AA11DE49B9A00115E35 /* Debug */ = {
			isa = XCBuildConfiguration;
			buildSettings = {
				ALWAYS_SEARCH_USER_PATHS = NO;
				CLANG_ANALYZER_NONNULL = YES;
				CLANG_CXX_LANGUAGE_STANDARD = "gnu++0x";
				CLANG_CXX_LIBRARY = "libc++";
				CLANG_ENABLE_MODULES = YES;
				CLANG_ENABLE_OBJC_ARC = YES;
				CLANG_WARN_BOOL_CONVERSION = YES;
				CLANG_WARN_CONSTANT_CONVERSION = YES;
				CLANG_WARN_DIRECT_OBJC_ISA_USAGE = YES_ERROR;
				CLANG_WARN_DOCUMENTATION_COMMENTS = YES;
				CLANG_WARN_EMPTY_BODY = YES;
				CLANG_WARN_ENUM_CONVERSION = YES;
				CLANG_WARN_INFINITE_RECURSION = YES;
				CLANG_WARN_INT_CONVERSION = YES;
				CLANG_WARN_OBJC_ROOT_CLASS = YES_ERROR;
				CLANG_WARN_SUSPICIOUS_MOVE = YES;
				CLANG_WARN_SUSPICIOUS_MOVES = YES;
				CLANG_WARN_UNREACHABLE_CODE = YES;
				CLANG_WARN__DUPLICATE_METHOD_MATCH = YES;
				"CODE_SIGN_IDENTITY[sdk=iphoneos*]" = "iPhone Developer";
				COPY_PHASE_STRIP = NO;
				DEBUG_INFORMATION_FORMAT = dwarf;
				ENABLE_STRICT_OBJC_MSGSEND = YES;
				ENABLE_TESTABILITY = YES;
				GCC_C_LANGUAGE_STANDARD = gnu99;
				GCC_DYNAMIC_NO_PIC = NO;
				GCC_NO_COMMON_BLOCKS = YES;
				GCC_OPTIMIZATION_LEVEL = 0;
				GCC_PRECOMPILE_PREFIX_HEADER = YES;
				GCC_PREFIX_HEADER = "$(PROJECT_DIR)/TwitterTask/TwitterTask-Prefix.pch";
				GCC_PREPROCESSOR_DEFINITIONS = (
					"LOG_ENABLED=1",
					"DEBUG=1",
					"$(inherited)",
				);
				GCC_WARN_64_TO_32_BIT_CONVERSION = YES;
				GCC_WARN_ABOUT_RETURN_TYPE = YES_ERROR;
				GCC_WARN_UNDECLARED_SELECTOR = YES;
				GCC_WARN_UNINITIALIZED_AUTOS = YES_AGGRESSIVE;
				GCC_WARN_UNUSED_FUNCTION = YES;
				GCC_WARN_UNUSED_VARIABLE = YES;
				HEADER_SEARCH_PATHS = "$(PROJECT_DIR)/External/OCMock/Source";
				IPHONEOS_DEPLOYMENT_TARGET = 10.1;
				MTL_ENABLE_DEBUG_INFO = YES;
				ONLY_ACTIVE_ARCH = YES;
				OTHER_LDFLAGS = "-ObjC";
				SDKROOT = iphoneos;
				TARGETED_DEVICE_FAMILY = "1,2";
				USER_HEADER_SEARCH_PATHS = "$(PROJECT_DIR)/External/libextobjc/extobjc";
			};
			name = Debug;
		};
		009B1AA21DE49B9A00115E35 /* Release */ = {
			isa = XCBuildConfiguration;
			buildSettings = {
				ALWAYS_SEARCH_USER_PATHS = NO;
				CLANG_ANALYZER_NONNULL = YES;
				CLANG_CXX_LANGUAGE_STANDARD = "gnu++0x";
				CLANG_CXX_LIBRARY = "libc++";
				CLANG_ENABLE_MODULES = YES;
				CLANG_ENABLE_OBJC_ARC = YES;
				CLANG_WARN_BOOL_CONVERSION = YES;
				CLANG_WARN_CONSTANT_CONVERSION = YES;
				CLANG_WARN_DIRECT_OBJC_ISA_USAGE = YES_ERROR;
				CLANG_WARN_DOCUMENTATION_COMMENTS = YES;
				CLANG_WARN_EMPTY_BODY = YES;
				CLANG_WARN_ENUM_CONVERSION = YES;
				CLANG_WARN_INFINITE_RECURSION = YES;
				CLANG_WARN_INT_CONVERSION = YES;
				CLANG_WARN_OBJC_ROOT_CLASS = YES_ERROR;
				CLANG_WARN_SUSPICIOUS_MOVE = YES;
				CLANG_WARN_SUSPICIOUS_MOVES = YES;
				CLANG_WARN_UNREACHABLE_CODE = YES;
				CLANG_WARN__DUPLICATE_METHOD_MATCH = YES;
				"CODE_SIGN_IDENTITY[sdk=iphoneos*]" = "iPhone Developer";
				COPY_PHASE_STRIP = NO;
				DEBUG_INFORMATION_FORMAT = "dwarf-with-dsym";
				ENABLE_NS_ASSERTIONS = NO;
				ENABLE_STRICT_OBJC_MSGSEND = YES;
				GCC_C_LANGUAGE_STANDARD = gnu99;
				GCC_NO_COMMON_BLOCKS = YES;
				GCC_PRECOMPILE_PREFIX_HEADER = YES;
				GCC_PREFIX_HEADER = "$(PROJECT_DIR)/TwitterTask/TwitterTask-Prefix.pch";
				GCC_WARN_64_TO_32_BIT_CONVERSION = YES;
				GCC_WARN_ABOUT_RETURN_TYPE = YES_ERROR;
				GCC_WARN_UNDECLARED_SELECTOR = YES;
				GCC_WARN_UNINITIALIZED_AUTOS = YES_AGGRESSIVE;
				GCC_WARN_UNUSED_FUNCTION = YES;
				GCC_WARN_UNUSED_VARIABLE = YES;
				HEADER_SEARCH_PATHS = "$(PROJECT_DIR)/External/OCMock/Source";
				IPHONEOS_DEPLOYMENT_TARGET = 10.1;
				MTL_ENABLE_DEBUG_INFO = NO;
				OTHER_LDFLAGS = "-ObjC";
				SDKROOT = iphoneos;
				TARGETED_DEVICE_FAMILY = "1,2";
				USER_HEADER_SEARCH_PATHS = "$(PROJECT_DIR)/External/libextobjc/extobjc";
				VALIDATE_PRODUCT = YES;
			};
			name = Release;
		};
		009B1AA41DE49B9A00115E35 /* Debug */ = {
			isa = XCBuildConfiguration;
			baseConfigurationReference = 55F897C72877C9556A2572F6 /* Pods-TwitterTask.debug.xcconfig */;
			buildSettings = {
				ASSETCATALOG_COMPILER_APPICON_NAME = AppIcon;
				DEVELOPMENT_TEAM = 63QAM34C37;
				INFOPLIST_FILE = TwitterTask/Info.plist;
				LD_RUNPATH_SEARCH_PATHS = "$(inherited) @executable_path/Frameworks";
				PRODUCT_BUNDLE_IDENTIFIER = me.aironik.Tasks.TwitterTask;
				PRODUCT_NAME = "$(TARGET_NAME)";
			};
			name = Debug;
		};
		009B1AA51DE49B9A00115E35 /* Release */ = {
			isa = XCBuildConfiguration;
			baseConfigurationReference = 41D14D024F7388B2E9F555CB /* Pods-TwitterTask.release.xcconfig */;
			buildSettings = {
				ASSETCATALOG_COMPILER_APPICON_NAME = AppIcon;
				DEVELOPMENT_TEAM = 63QAM34C37;
				INFOPLIST_FILE = TwitterTask/Info.plist;
				LD_RUNPATH_SEARCH_PATHS = "$(inherited) @executable_path/Frameworks";
				PRODUCT_BUNDLE_IDENTIFIER = me.aironik.Tasks.TwitterTask;
				PRODUCT_NAME = "$(TARGET_NAME)";
			};
			name = Release;
		};
		009B1AA71DE49B9A00115E35 /* Debug */ = {
			isa = XCBuildConfiguration;
			baseConfigurationReference = B10E61DF9F1C203BFE204C0E /* Pods-TwitterTaskTests.debug.xcconfig */;
			buildSettings = {
				BUNDLE_LOADER = "$(TEST_HOST)";
				DEVELOPMENT_TEAM = 63QAM34C37;
				INFOPLIST_FILE = TwitterTaskTests/Info.plist;
				LD_RUNPATH_SEARCH_PATHS = "$(inherited) @executable_path/Frameworks @loader_path/Frameworks";
				PRODUCT_BUNDLE_IDENTIFIER = me.aironik.Tasks.TwitterTaskTests;
				PRODUCT_NAME = "$(TARGET_NAME)";
				TEST_HOST = "$(BUILT_PRODUCTS_DIR)/TwitterTask.app/TwitterTask";
			};
			name = Debug;
		};
		009B1AA81DE49B9A00115E35 /* Release */ = {
			isa = XCBuildConfiguration;
			baseConfigurationReference = E4F5DD1EF28D5EC5F0A4FF14 /* Pods-TwitterTaskTests.release.xcconfig */;
			buildSettings = {
				BUNDLE_LOADER = "$(TEST_HOST)";
				DEVELOPMENT_TEAM = 63QAM34C37;
				INFOPLIST_FILE = TwitterTaskTests/Info.plist;
				LD_RUNPATH_SEARCH_PATHS = "$(inherited) @executable_path/Frameworks @loader_path/Frameworks";
				PRODUCT_BUNDLE_IDENTIFIER = me.aironik.Tasks.TwitterTaskTests;
				PRODUCT_NAME = "$(TARGET_NAME)";
				TEST_HOST = "$(BUILT_PRODUCTS_DIR)/TwitterTask.app/TwitterTask";
			};
			name = Release;
		};
		00E74B191DE5C26A004CDBE0 /* UnitTests */ = {
			isa = XCBuildConfiguration;
			buildSettings = {
				ALWAYS_SEARCH_USER_PATHS = NO;
				CLANG_ANALYZER_NONNULL = YES;
				CLANG_CXX_LANGUAGE_STANDARD = "gnu++0x";
				CLANG_CXX_LIBRARY = "libc++";
				CLANG_ENABLE_MODULES = YES;
				CLANG_ENABLE_OBJC_ARC = YES;
				CLANG_WARN_BOOL_CONVERSION = YES;
				CLANG_WARN_CONSTANT_CONVERSION = YES;
				CLANG_WARN_DIRECT_OBJC_ISA_USAGE = YES_ERROR;
				CLANG_WARN_DOCUMENTATION_COMMENTS = YES;
				CLANG_WARN_EMPTY_BODY = YES;
				CLANG_WARN_ENUM_CONVERSION = YES;
				CLANG_WARN_INFINITE_RECURSION = YES;
				CLANG_WARN_INT_CONVERSION = YES;
				CLANG_WARN_OBJC_ROOT_CLASS = YES_ERROR;
				CLANG_WARN_SUSPICIOUS_MOVE = YES;
				CLANG_WARN_SUSPICIOUS_MOVES = YES;
				CLANG_WARN_UNREACHABLE_CODE = YES;
				CLANG_WARN__DUPLICATE_METHOD_MATCH = YES;
				"CODE_SIGN_IDENTITY[sdk=iphoneos*]" = "iPhone Developer";
				COPY_PHASE_STRIP = NO;
				DEBUG_INFORMATION_FORMAT = dwarf;
				ENABLE_NS_ASSERTIONS = NO;
				ENABLE_STRICT_OBJC_MSGSEND = YES;
				ENABLE_TESTABILITY = YES;
				GCC_C_LANGUAGE_STANDARD = gnu99;
				GCC_DYNAMIC_NO_PIC = NO;
				GCC_NO_COMMON_BLOCKS = YES;
				GCC_OPTIMIZATION_LEVEL = 0;
				GCC_PRECOMPILE_PREFIX_HEADER = YES;
				GCC_PREFIX_HEADER = "$(PROJECT_DIR)/TwitterTask/TwitterTask-Prefix.pch";
				GCC_PREPROCESSOR_DEFINITIONS = (
					"LOG_ENABLED=1",
					"DEBUG=1",
					"$(inherited)",
				);
				GCC_WARN_64_TO_32_BIT_CONVERSION = YES;
				GCC_WARN_ABOUT_RETURN_TYPE = YES_ERROR;
				GCC_WARN_UNDECLARED_SELECTOR = YES;
				GCC_WARN_UNINITIALIZED_AUTOS = YES_AGGRESSIVE;
				GCC_WARN_UNUSED_FUNCTION = YES;
				GCC_WARN_UNUSED_VARIABLE = YES;
				HEADER_SEARCH_PATHS = "$(PROJECT_DIR)/External/OCMock/Source";
				IPHONEOS_DEPLOYMENT_TARGET = 10.1;
				MTL_ENABLE_DEBUG_INFO = YES;
				ONLY_ACTIVE_ARCH = YES;
				OTHER_LDFLAGS = "-ObjC";
				SDKROOT = iphoneos;
				TARGETED_DEVICE_FAMILY = "1,2";
				USER_HEADER_SEARCH_PATHS = "$(PROJECT_DIR)/External/libextobjc/extobjc";
			};
			name = UnitTests;
		};
		00E74B1A1DE5C26A004CDBE0 /* UnitTests */ = {
			isa = XCBuildConfiguration;
			baseConfigurationReference = 567E0891A46004E9A4B64AF7 /* Pods-TwitterTask.unittests.xcconfig */;
			buildSettings = {
				ASSETCATALOG_COMPILER_APPICON_NAME = AppIcon;
				DEVELOPMENT_TEAM = 63QAM34C37;
				INFOPLIST_FILE = TwitterTask/Info.plist;
				LD_RUNPATH_SEARCH_PATHS = "$(inherited) @executable_path/Frameworks";
				PRODUCT_BUNDLE_IDENTIFIER = me.aironik.Tasks.TwitterTask;
				PRODUCT_NAME = "$(TARGET_NAME)";
			};
			name = UnitTests;
		};
		00E74B1B1DE5C26A004CDBE0 /* UnitTests */ = {
			isa = XCBuildConfiguration;
			baseConfigurationReference = F50ADDEEA38DB72FE854794F /* Pods-TwitterTaskTests.unittests.xcconfig */;
			buildSettings = {
				BUNDLE_LOADER = "$(TEST_HOST)";
				DEVELOPMENT_TEAM = 63QAM34C37;
				INFOPLIST_FILE = TwitterTaskTests/Info.plist;
				LD_RUNPATH_SEARCH_PATHS = "$(inherited) @executable_path/Frameworks @loader_path/Frameworks";
				PRODUCT_BUNDLE_IDENTIFIER = me.aironik.Tasks.TwitterTaskTests;
				PRODUCT_NAME = "$(TARGET_NAME)";
				TEST_HOST = "$(BUILT_PRODUCTS_DIR)/TwitterTask.app/TwitterTask";
			};
			name = UnitTests;
		};
/* End XCBuildConfiguration section */

/* Begin XCConfigurationList section */
		009B1A791DE49B9A00115E35 /* Build configuration list for PBXProject "TwitterTask" */ = {
			isa = XCConfigurationList;
			buildConfigurations = (
				009B1AA11DE49B9A00115E35 /* Debug */,
				00E74B191DE5C26A004CDBE0 /* UnitTests */,
				009B1AA21DE49B9A00115E35 /* Release */,
			);
			defaultConfigurationIsVisible = 0;
			defaultConfigurationName = Release;
		};
		009B1AA31DE49B9A00115E35 /* Build configuration list for PBXNativeTarget "TwitterTask" */ = {
			isa = XCConfigurationList;
			buildConfigurations = (
				009B1AA41DE49B9A00115E35 /* Debug */,
				00E74B1A1DE5C26A004CDBE0 /* UnitTests */,
				009B1AA51DE49B9A00115E35 /* Release */,
			);
			defaultConfigurationIsVisible = 0;
			defaultConfigurationName = Release;
		};
		009B1AA61DE49B9A00115E35 /* Build configuration list for PBXNativeTarget "TwitterTaskTests" */ = {
			isa = XCConfigurationList;
			buildConfigurations = (
				009B1AA71DE49B9A00115E35 /* Debug */,
				00E74B1B1DE5C26A004CDBE0 /* UnitTests */,
				009B1AA81DE49B9A00115E35 /* Release */,
			);
			defaultConfigurationIsVisible = 0;
			defaultConfigurationName = Release;
		};
/* End XCConfigurationList section */
	};
	rootObject = 009B1A761DE49B9A00115E35 /* Project object */;
}
